version = 1
revision = 3
requires-python = ">=3.12"
resolution-markers = [
    "python_full_version >= '3.15'",
    "python_full_version < '3.15'",
]

[[package]]
name = "colorama"
version = "0.4.6"
source = { registry = "https://pypi.org/simple" }
sdist = { url = "https://files.pythonhosted.org/packages/d8/53/6f443c9a4a8358a93a6792e2acffb9d9d5cb0a5cfd8802644b7b1c9a02e4/colorama-0.4.6.tar.gz", hash = "sha256:08695f5cb7ed6e0531a20572697297273c47b8cae5a63ffc6d6ed5c201be6e44", size = 27697, upload-time = "2022-10-25T02:36:22.414Z" }
wheels = [
    { url = "https://files.pythonhosted.org/packages/d1/d6/3965ed04c63042e047cb6a3e6ed1a63a35087b6a609aa3a15ed8ac56c221/colorama-0.4.6-py2.py3-none-any.whl", hash = "sha256:4f1d9991f5acc0ca119f9d443620b77f9d6b33703e51011c16baf57afb285fc6", size = 25335, upload-time = "2022-10-25T02:36:20.889Z" },
]

[[package]]
name = "dnspython"
version = "2.8.0"
source = { registry = "https://pypi.org/simple" }
sdist = { url = "https://files.pythonhosted.org/packages/8c/8b/57666417c0f90f08bcafa776861060426765fdb422eb10212086fb811d26/dnspython-2.8.0.tar.gz", hash = "sha256:181d3c6996452cb1189c4046c61599b84a5a86e099562ffde77d26984ff26d0f", size = 368251, upload-time = "2025-09-07T18:58:00.022Z" }
wheels = [
    { url = "https://files.pythonhosted.org/packages/ba/5a/18ad964b0086c6e62e2e7500f7edc89e3faa45033c71c1893d34eed2b2de/dnspython-2.8.0-py3-none-any.whl", hash = "sha256:01d9bbc4a2d76bf0db7c1f729812ded6d912bd318d3b1cf81d30c0f845dbf3af", size = 331094, upload-time = "2025-09-07T18:57:58.071Z" },
]

[[package]]
name = "iniconfig"
version = "2.3.0"
source = { registry = "https://pypi.org/simple" }
sdist = { url = "https://files.pythonhosted.org/packages/72/34/14ca021ce8e5dfedc35312d08ba8bf51fdd999c576889fc2c24cb97f4f10/iniconfig-2.3.0.tar.gz", hash = "sha256:c76315c77db068650d49c5b56314774a7804df16fee4402c1f19d6d15d8c4730", size = 20503, upload-time = "2025-10-18T21:55:43.219Z" }
wheels = [
    { url = "https://files.pythonhosted.org/packages/cb/b1/3846dd7f199d53cb17f49cba7e651e9ce294d8497c8c150530ed11865bb8/iniconfig-2.3.0-py3-none-any.whl", hash = "sha256:f631c04d2c48c52b84d0d0549c99ff3859c98df65b3101406327ecc7d53fbf12", size = 7484, upload-time = "2025-10-18T21:55:41.639Z" },
]

[[package]]
name = "maturin"
version = "1.15.0"
source = { registry = "https://pypi.org/simple" }
sdist = { url = "https://files.pythonhosted.org/packages/b9/c8/22e5e21b2679c9bce6415ca578034ca2cc9316be0642ae21e051a2d5198c/maturin-1.15.0.tar.gz", hash = "sha256:94b26cc8e8aba61a5f2099715fe640e18c5f678e9a500408b38761263954228a", size = 385504, upload-time = "2026-08-24T12:11:22.665Z" }
wheels = [
    { url = "https://files.pythonhosted.org/packages/14/69/5c01b461044eb1f45ddcce006706eb88110c793cdb11c7ae0b5e08492e94/maturin-1.15.0-py3-none-linux_armv6l.whl", hash = "sha256:6bf6dc62e22d4dcfd5a51244ff0d58975fa4979c48209fe84159617648956d82", size = 10206220, upload-time = "2026-08-24T12:10:53.327Z" },
    { url = "https://files.pythonhosted.org/packages/eb/1f/2b431554e11687cdb1077e0cdadcc118c53f611086b3af00c8545a67c6a5/maturin-1.15.0-py3-none-macosx_10_12_x86_64.macosx_11_0_arm64.macosx_10_12_universal2.whl", hash = "sha256:cd35772633f489841132bc8e71d6fc7f842df30b9c05cd5cdf1ee1ddcb744cc7", size = 19416513, upload-time = "2026-08-24T12:10:56.126Z" },
    { url = "https://files.pythonhosted.org/packages/51/36/e23a21cb34a648b711036b9b2fe1d4f3f4ee24f8db54215d73f1a9a3a3ec/maturin-1.15.0-py3-none-macosx_10_12_x86_64.whl", hash = "sha256:c40b4eae7bf5ef1f4b1af8d623fe4105016f93578fb15b764e741d08ec3b92dd", size = 10014962, upload-time = "2026-08-24T12:10:58.486Z" },
    { url = "https://files.pythonhosted.org/packages/8c/80/33b15cb2d8f30f12c807955e8f2fd775027692904e30ec0784744ce8cd83/maturin-1.15.0-py3-none-manylinux_2_12_i686.manylinux2010_i686.musllinux_1_1_i686.whl", hash = "sha256:7eb066372f541f8eb4909c79c5d9bd0b9e8125980bdf1ec9e8aba23c6c8d6c55", size = 10196223, upload-time = "2026-08-24T12:11:00.696Z" },
    { url = "https://files.pythonhosted.org/packages/fe/91/b495e19e2f5c503b540452b2039115e7b2363867e8c5ad4179eb752fa92c/maturin-1.15.0-py3-none-manylinux_2_12_x86_64.manylinux2010_x86_64.musllinux_1_1_x86_64.whl", hash = "sha256:653020a63525bb224e5ab0adf02e17a2e08bc86dbea7fc1399c9a56d7529b99e", size = 10541186, upload-time = "2026-08-24T12:11:02.857Z" },
    { url = "https://files.pythonhosted.org/packages/5d/2b/2abff58037188d852b124871b1f0d720e1c2bfb3d4f1b03d87c52cd66488/maturin-1.15.0-py3-none-manylinux_2_17_aarch64.manylinux2014_aarch64.musllinux_1_1_aarch64.whl", hash = "sha256:0ebf9767892725083138e671c34482c660317a2f3d6a29fc0e0f34e9d8c99136", size = 10083468, upload-time = "2026-08-24T12:11:05.012Z" },
    { url = "https://files.pythonhosted.org/packages/3f/07/b7e9f8be99a6627849e81ac7b6694876bce8f50a92995fe17e3cf2610f0a/maturin-1.15.0-py3-none-manylinux_2_17_armv7l.manylinux2014_armv7l.musllinux_1_1_armv7l.whl", hash = "sha256:7ab7eebffd7b8debca2265985de4eaeb332141276d24b9560b5ad484d4b3add1", size = 10047786, upload-time = "2026-08-24T12:11:07.042Z" },
    { url = "https://files.pythonhosted.org/packages/ca/ab/167e3cb7accee11b507dbe53e0e87aeccb376d44ae66284c96ee4df3a9fd/maturin-1.15.0-py3-none-manylinux_2_17_ppc64le.manylinux2014_ppc64le.musllinux_1_1_ppc64le.whl", hash = "sha256:126e12e618b4db42f68c779a56d41f82a390145ba36ac3f621d057eb34f5ad9d", size = 13315332, upload-time = "2026-08-24T12:11:09.433Z" },
    { url = "https://files.pythonhosted.org/packages/14/4d/801379f646cbc6b00998e5289b0630a886be3a4ee4c75b6bc9b87478a7f1/maturin-1.15.0-py3-none-manylinux_2_17_s390x.manylinux2014_s390x.whl", hash = "sha256:4f9d33e6c3f9615c8caceecbbbd440f8eb25a3ddeb687077682cd5eca2e9ae15", size = 10807183, upload-time = "2026-08-24T12:11:11.73Z" },
    { url = "https://files.pythonhosted.org/packages/89/27/2e612e1cbd1580e9e94d4722c227b5180dca27b32b955a34b79918aa1292/maturin-1.15.0-py3-none-manylinux_2_31_riscv64.musllinux_1_1_riscv64.whl", hash = "sha256:bf29beddd0c6708f112db51d5275fc28b28b9e9c9c5faae387eaef662918b176", size = 10413274, upload-time = "2026-08-24T12:11:14.04Z" },
    { url = "https://files.pythonhosted.org/packages/70/d8/202a7b4d75a51f20f84ec9ce3b7345b12b822207072164e2b1c6ef665125/maturin-1.15.0-py3-none-win32.whl", hash = "sha256:da649988be98e87e009e51b1bf0d301b6a301bc0cecbdd60d40d8ba60748d1ca", size = 8928744, upload-time = "2026-08-24T12:11:16.269Z" },
    { url = "https://files.pythonhosted.org/packages/40/dc/4e90da594986ba78dd3bc8a5921ecdcdb11085b22b02a412caab3b225601/maturin-1.15.0-py3-none-win_amd64.whl", hash = "sha256:552c2be4afd43fe8d5c9f3ec8d4c4756d973b8dcbe94c14084390301f50243e1", size = 10335085, upload-time = "2026-08-24T12:11:18.326Z" },
    { url = "https://files.pythonhosted.org/packages/8b/10/15d4314edf130955edf2dc237aa393a8a7c10f2b9b57b89fa2f61f915659/maturin-1.15.0-py3-none-win_arm64.whl", hash = "sha256:c7dc0c66c78d3debdd9c5aa807e861fbcbf07f3505d34b125df74c03986b0f48", size = 9713795, upload-time = "2026-08-24T12:11:20.83Z" },
]

[[package]]
name = "packaging"
version = "26.3"
source = { registry = "https://pypi.org/simple" }
sdist = { url = "https://files.pythonhosted.org/packages/7d/fa/3944b40b07da9ce895c0e6303a5ab7d53da063554f534556b134a54d6093/packaging-26.3.tar.gz", hash = "sha256:94edc256424af38762eb31306eed28beb9f0efc50a8837492c9d6fd6004aed79", size = 313412, upload-time = "2026-08-04T18:15:28.737Z" }
wheels = [
    { url = "https://files.pythonhosted.org/packages/63/34/ba1c580383c9eada3711951fef0795c80b829a078d72188184bcab9dd527/packaging-26.3-py3-none-any.whl", hash = "sha256:d7193f7c8e4e93f444fde0262bf90af30e16fa0ad0ad44cb553c87339b23cd1c", size = 129956, upload-time = "2026-08-04T18:15:27.159Z" },
]

[[package]]
name = "pluggy"
version = "1.6.0"
source = { registry = "https://pypi.org/simple" }
sdist = { url = "https://files.pythonhosted.org/packages/f9/e2/3e91f31a7d2b083fe6ef3fa267035b518369d9511ffab804f839851d2779/pluggy-1.6.0.tar.gz", hash = "sha256:7dcc130b76258d33b90f61b658791dede3486c3e6bfb003ee5c9bfb396dd22f3", size = 69412, upload-time = "2025-05-15T12:30:07.975Z" }
wheels = [
    { url = "https://files.pythonhosted.org/packages/54/20/4d324d65cc6d9205fabedc306948156824eb9f0ee1633355a8f7ec5c66bf/pluggy-1.6.0-py3-none-any.whl", hash = "sha256:e920276dd6813095e9377c0bc5566d94c932c33b27a3e3945d8389c374dd4746", size = 20538, upload-time = "2025-05-15T12:30:06.134Z" },
]

[[package]]
name = "polars"
version = "2.0.0rc1"
source = { registry = "https://pypi.org/simple" }
dependencies = [
    { name = "polars-runtime-32" },
]
sdist = { url = "https://files.pythonhosted.org/packages/17/4c/3e53e1f901a450a16fc7c206ca4e24de3587e5fea0a57c98b20ed76ea0f5/polars-2.0.0rc1.tar.gz", hash = "sha256:c7698ca5b163a3fe4f7a206fce8e6e0856077c1c2fab2beb7c96796029487edf", size = 740248, upload-time = "2026-09-02T11:43:56.574Z" }
wheels = [
    { url = "https://files.pythonhosted.org/packages/4b/0e/795163892dde2860c5865d843fb97e1b9f7ad011ca8e87f6d6c918bed3dc/polars-2.0.0rc1-py3-none-any.whl", hash = "sha256:fffe0c1faa24a1a1d9d8465480e5b8aba91f0072fbcb83fa4117546477d1ee53", size = 835609, upload-time = "2026-09-02T11:42:02.038Z" },
]

[[package]]
name = "polars-mongo"
source = { editable = "." }
dependencies = [
    { name = "polars" },
    { name = "polars-runtime-32" },
    { name = "pyarrow" },
]

[package.dev-dependencies]
dev = [
    { name = "maturin" },
    { name = "pyarrow-stubs" },
    { name = "pymongo" },
    { name = "pytest" },
    { name = "ruff" },
    { name = "ty" },
]

[package.metadata]
requires-dist = [
    { name = "polars", specifier = "==2.0.0rc1" },
    { name = "polars-runtime-32", specifier = "==2.0.0rc1" },
    { name = "pyarrow", specifier = ">=17" },
]

[package.metadata.requires-dev]
dev = [
    { name = "maturin", specifier = ">=1.15" },
    { name = "pyarrow-stubs", specifier = ">=20.0.0.20260819" },
    { name = "pymongo", specifier = ">=4.10" },
    { name = "pytest", specifier = ">=8.3" },
    { name = "ruff", specifier = ">=0.14" },
    { name = "ty", specifier = ">=0.0.80" },
]

[[package]]
name = "polars-runtime-32"
version = "2.0.0rc1"
source = { registry = "https://pypi.org/simple" }
sdist = { url = "https://files.pythonhosted.org/packages/8e/2d/ce9cd18b51d5c7253f6a0e3c9f8c15eda5057d79d9d22ea310fb7f5a8829/polars_runtime_32-2.0.0rc1.tar.gz", hash = "sha256:97e36039063cc8f201cb5081341e01533ee854093c9bda6365c7b7b7e368ef2f", size = 3201462, upload-time = "2026-09-02T11:43:58.156Z" }
wheels = [
    { url = "https://files.pythonhosted.org/packages/a4/82/6ac9cfddf91c0ee0adb6a95dd66d944eac523706ceb9528656ce3b5537fc/polars_runtime_32-2.0.0rc1-cp310-abi3-macosx_10_12_x86_64.whl", hash = "sha256:6249264292fd70b2f116d093dc4020078e07f1924f06da90f48d592ea2b8986d", size = 53978621, upload-time = "2026-09-02T11:42:04.744Z" },
    { url = "https://files.pythonhosted.org/packages/52/84/911434e59857e71504fb04b6af25a316f4f5c2967443deb54823ef81dcae/polars_runtime_32-2.0.0rc1-cp310-abi3-macosx_11_0_arm64.whl", hash = "sha256:a37bdac57e3fec71d35044a18b32ceddb621e2a3f85dcf2c4bc2093507713d49", size = 48646023, upload-time = "2026-09-02T11:42:08.278Z" },
    { url = "https://files.pythonhosted.org/packages/82/91/3cd5197fb981ff63e2f65bb556e5d88f4006c76549d7ee461efabed4b8d1/polars_runtime_32-2.0.0rc1-cp310-abi3-manylinux_2_17_aarch64.manylinux2014_aarch64.whl", hash = "sha256:1252e92901871de6e0829450ffd4764c6f60634947c27c5a1073880436519479", size = 52492296, upload-time = "2026-09-02T11:42:11.7Z" },
    { url = "https://files.pythonhosted.org/packages/35/f2/18e9aaa9f84ea4a99bf120c829fde15767f057da439be234333c7c1ae689/polars_runtime_32-2.0.0rc1-cp310-abi3-manylinux_2_17_x86_64.manylinux2014_x86_64.whl", hash = "sha256:471f388af147b481d4c80bca469a3fd0411393257db4a95be8e28656b2e1ea56", size = 58620243, upload-time = "2026-09-02T11:42:15.303Z" },
    { url = "https://files.pythonhosted.org/packages/af/9f/e5af2158074c75e9e1ce298d3136d07e0ef0caa017b281cf749b5a98c8a9/polars_runtime_32-2.0.0rc1-cp310-abi3-musllinux_1_2_aarch64.whl", hash = "sha256:11ff54f8f3e250af34495c198ceea471526809e8e35cdb9bbc741dddd8de0fd4", size = 52645994, upload-time = "2026-09-02T11:42:19.084Z" },
    { url = "https://files.pythonhosted.org/packages/30/98/e02e5928c4cdf7b5fe3c9ac561ac0a6125be150c529547acb311b4e5a075/polars_runtime_32-2.0.0rc1-cp310-abi3-musllinux_1_2_x86_64.whl", hash = "sha256:a759fa88303bef3ed1c20e8506a195b9cea5ceba48f353ea0192c8b0980c011d", size = 56497268, upload-time = "2026-09-02T11:42:22.647Z" },
    { url = "https://files.pythonhosted.org/packages/d5/aa/08c92721b22149e94acaa842d3c83fa8cea46182b138380427aa1ad6cba6/polars_runtime_32-2.0.0rc1-cp310-abi3-win_amd64.whl", hash = "sha256:1ffd17bf3c55d88423815ad6d388c2ce743421ea804fa76cdae5b7a0b458d3b5", size = 54539717, upload-time = "2026-09-02T11:42:26.161Z" },
    { url = "https://files.pythonhosted.org/packages/fe/e5/34b68c5e3a69198cd0f95549740940b4310ca5eb8c97dbeeda81c22259a9/polars_runtime_32-2.0.0rc1-cp310-abi3-win_arm64.whl", hash = "sha256:df1803b7b27abfbbf654c5725d576cb1b1f5811da24dd17c902a5361fd7e369b", size = 47913988, upload-time = "2026-09-02T11:42:29.417Z" },
]

[[package]]
name = "pyarrow"
version = "25.0.1"
source = { registry = "https://pypi.org/simple" }
sdist = { url = "https://files.pythonhosted.org/packages/3d/e3/27f57f80141379d60defe6703eb50a707325706f07fedfd1312c7a751995/pyarrow-25.0.1.tar.gz", hash = "sha256:9150a83248bfed9813ea3c3af74c3856c1984d444aa28e58bf7733b9750ddf6a", size = 1201653, upload-time = "2026-08-10T12:40:53.904Z" }
wheels = [
    { url = "https://files.pythonhosted.org/packages/a6/e2/9ab15b88cbfac28e16419ce5439ec29234c5172cb8259301b4ba639bdec0/pyarrow-25.0.1-cp312-cp312-macosx_12_0_arm64.whl", hash = "sha256:df961f2e7ae9cf496459259d798652c70625f6c080650d6952f8c04053c58ee9", size = 35861559, upload-time = "2026-08-10T12:38:02.567Z" },
    { url = "https://files.pythonhosted.org/packages/58/79/a0036dbe1eabe1f73127427342f1d99982584c4a2cde2651d6c93499c6f6/pyarrow-25.0.1-cp312-cp312-macosx_12_0_x86_64.whl", hash = "sha256:cc4aa407fde9fc660be3939e49ea31f50f3e9fec17c0ec63159f7711edd3efc9", size = 37628383, upload-time = "2026-08-10T12:38:09.083Z" },
    { url = "https://files.pythonhosted.org/packages/13/49/d93a57d375f4bf0cf82913dd6bb54acafde83dd993be2282c81ac5616cad/pyarrow-25.0.1-cp312-cp312-manylinux_2_28_aarch64.whl", hash = "sha256:4340f0ba6c1d2e13f21658de1d7c662ca2545018568d0030a1e9afca159d87e3", size = 46820190, upload-time = "2026-08-10T12:38:15.458Z" },
    { url = "https://files.pythonhosted.org/packages/60/c9/711ca85d79f1ec98f29a5eae2b051e25b4ecec5de3e3c0e2d5c5dcb15664/pyarrow-25.0.1-cp312-cp312-manylinux_2_28_x86_64.whl", hash = "sha256:5389cdf79447ed1515c9e31620e6e1e2302249564d603f2ad727d4f6d313e4c3", size = 50102437, upload-time = "2026-08-10T12:38:22.487Z" },
    { url = "https://files.pythonhosted.org/packages/80/53/8fb8359ff17cfb6263a1cf3ebf7caec9fe197de118719e84fcb1d0618026/pyarrow-25.0.1-cp312-cp312-musllinux_1_2_aarch64.whl", hash = "sha256:d51592cb7561e87877c506113e7adbf1342ab579e6c21f0ef44b8ba41cb74c80", size = 49942424, upload-time = "2026-08-10T12:38:28.755Z" },
    { url = "https://files.pythonhosted.org/packages/e8/83/4e5ae02a9341571b18a6fca380ac7a58ce6ddae7ab3c060208c0a1e79f02/pyarrow-25.0.1-cp312-cp312-musllinux_1_2_x86_64.whl", hash = "sha256:6109c94d8b9f3b17a041daca16cacb2f651ad8f1ef70a4232c2c0f37a23da2a8", size = 53144206, upload-time = "2026-08-10T12:38:34.862Z" },
    { url = "https://files.pythonhosted.org/packages/65/ee/197cbf47e49f83e6ebeb946a5259a48a638dea27ac774db42fe78022179d/pyarrow-25.0.1-cp312-cp312-win_amd64.whl", hash = "sha256:8858d7bfc22e3f51529aeaa4077225029724623e4595dc9eff8c793935c34140", size = 27953934, upload-time = "2026-08-10T12:38:39.808Z" },
    { url = "https://files.pythonhosted.org/packages/cc/8d/8f271a7a034c834910ec925d56fa4b29733b1380f5289419f5aaa3b02777/pyarrow-25.0.1-cp313-cp313-macosx_12_0_arm64.whl", hash = "sha256:c7c534ec03c358a76ea3e505e74c1b6aef290af90c444dfd092dbfe23e755b85", size = 35855328, upload-time = "2026-08-10T12:38:45.489Z" },
    { url = "https://files.pythonhosted.org/packages/d2/cd/5bac242f4e841b9971d5eb94fdfe2577e2b70be983e27401e72055786037/pyarrow-25.0.1-cp313-cp313-macosx_12_0_x86_64.whl", hash = "sha256:dda9470024204d7bbf2042b47c6e8a0e47a3eeb8e34405882dfaea6577e0c153", size = 37622415, upload-time = "2026-08-10T12:38:51.107Z" },
    { url = "https://files.pythonhosted.org/packages/63/1f/96d03b4e1506524f7087adb0fd6b2f69f0c9c7aaff1ec36d8030082e15a5/pyarrow-25.0.1-cp313-cp313-manylinux_2_28_aarch64.whl", hash = "sha256:44a9120ce5bd81936b8ab9a88076e3fd47c2c6838e0e43630fed83626aca81d9", size = 46813813, upload-time = "2026-08-10T12:38:57.773Z" },
    { url = "https://files.pythonhosted.org/packages/98/d6/33a411115b61dbfc16ad6ad73e71730f6fea654ee3667673bc53ab0e2fe7/pyarrow-25.0.1-cp313-cp313-manylinux_2_28_x86_64.whl", hash = "sha256:0befcf816e45a1af33ac775a9970b749e4868a230c7372f0ae5e932bee27039f", size = 50104452, upload-time = "2026-08-10T12:39:04.579Z" },
    { url = "https://files.pythonhosted.org/packages/33/ae/b1b97c9ca87f9f9ddbb5230c798df94eccce61bd79b9b45458c69a478588/pyarrow-25.0.1-cp313-cp313-musllinux_1_2_aarch64.whl", hash = "sha256:3f89685964f46e4216103c75483aac0c0692a5f72212d7ca835adba5ede56ce3", size = 49951343, upload-time = "2026-08-10T12:39:11.8Z" },
    { url = "https://files.pythonhosted.org/packages/98/9e/a112df5cfd5a68cb1d9fc31cfe38c28d5aec9f10865ce37ecef2e4450873/pyarrow-25.0.1-cp313-cp313-musllinux_1_2_x86_64.whl", hash = "sha256:6943e2fe7954d29d84de45d29d34c8dc36ce96570e67d89aa9976e650a4a9138", size = 53144784, upload-time = "2026-08-10T12:39:20.503Z" },
    { url = "https://files.pythonhosted.org/packages/31/24/97e8bd98f1e3b07e2ba08bcdff690674fbe16d69a7d2712cc3884665e615/pyarrow-25.0.1-cp313-cp313-win_amd64.whl", hash = "sha256:31e49a7888fcdf3a835da33ae777f6bb9a866334e5a789282fc26dcf426f7f15", size = 27870159, upload-time = "2026-08-10T12:39:26.161Z" },
    { url = "https://files.pythonhosted.org/packages/36/4c/b525824ad3094076919273cd97db61fb3d78252dee76fa3b8dc8f76774aa/pyarrow-25.0.1-cp314-cp314-macosx_12_0_arm64.whl", hash = "sha256:bf0b672390cdcb640d7288f96b826d71ff4e9abb254a86c89890baf51a29cee6", size = 35885255, upload-time = "2026-08-10T12:39:32.366Z" },
    { url = "https://files.pythonhosted.org/packages/08/62/448bb0e940de41aec31d1a956e63ad9c54afdf122a103cc3ab20c2a3ce33/pyarrow-25.0.1-cp314-cp314-macosx_12_0_x86_64.whl", hash = "sha256:38a9a4b4b9613380e200641891495a56c3d5a98a092db4a870af9975e220471d", size = 37644461, upload-time = "2026-08-10T12:39:38.142Z" },
    { url = "https://files.pythonhosted.org/packages/6e/9a/13587e38bd4806fd218f50fd13b8903fab60588a699ff0c406372e5b4043/pyarrow-25.0.1-cp314-cp314-manylinux_2_28_aarch64.whl", hash = "sha256:0b726ad7e7b669be982b0c71c07fe4b037d654354130da79a7902a669e93a66b", size = 46877146, upload-time = "2026-08-10T12:39:43.722Z" },
    { url = "https://files.pythonhosted.org/packages/8d/61/1c5d1229fa21da4cff5365e41e57177aaac57c563c727f35419b8513d1c1/pyarrow-25.0.1-cp314-cp314-manylinux_2_28_x86_64.whl", hash = "sha256:9171748cdf796972d85a4b60157c279913e242992e350c90c7450182a9838b2a", size = 50131616, upload-time = "2026-08-10T12:39:49.304Z" },
    { url = "https://files.pythonhosted.org/packages/43/20/291e1d65cc0b09aa19f03cf25cf51a2f5fa94b5db315178f2d254ed5cad4/pyarrow-25.0.1-cp314-cp314-musllinux_1_2_aarch64.whl", hash = "sha256:b7a296aac7a71fa0886c08e155ddb6c636a50013f801f6178daafa0f9e726188", size = 50008879, upload-time = "2026-08-10T12:39:56.891Z" },
    { url = "https://files.pythonhosted.org/packages/8b/7c/1b7c9ec28e76576337e4f97b31141c9a181b89b6d1d6221e9d8205621a58/pyarrow-25.0.1-cp314-cp314-musllinux_1_2_x86_64.whl", hash = "sha256:0fe7c8b6c03969b49c8c66182e4a18e3819ab92d07cfab5d8370c531b9369ef0", size = 53170864, upload-time = "2026-08-10T12:40:04.918Z" },
    { url = "https://files.pythonhosted.org/packages/b7/75/f3d789dc06011a765d14d86bda799cf72ac1d715b6a6edecaa0d73d95062/pyarrow-25.0.1-cp314-cp314-win_amd64.whl", hash = "sha256:f729cfdbd36fd99d543b67a914d2de044c84ebe45be8b34902b299b608c15c8f", size = 28620729, upload-time = "2026-08-10T12:40:51.41Z" },
    { url = "https://files.pythonhosted.org/packages/fc/05/647a8ee6f7c2662feb6921315617bc04dcd6034763fb61b1199720bf6162/pyarrow-25.0.1-cp314-cp314t-macosx_12_0_arm64.whl", hash = "sha256:59a2de54c0cbd954da861eee4d1d330f8e909c45b53455baef696380f2c55033", size = 36130288, upload-time = "2026-08-10T12:40:11.014Z" },
    { url = "https://files.pythonhosted.org/packages/93/f8/c9ee997554d7bea94520667dd1933f109ac1da3ee3556d2b49381e023484/pyarrow-25.0.1-cp314-cp314t-macosx_12_0_x86_64.whl", hash = "sha256:35935cd5de130aa5cf4dea052a63e6bf2e17006c35c3a468194242b9b2bf5956", size = 37762187, upload-time = "2026-08-10T12:40:16.592Z" },
    { url = "https://files.pythonhosted.org/packages/a2/08/a28c01c7fe9e96e8233ce2d13df1d402f4f999f848f51d2daacd6bb4c036/pyarrow-25.0.1-cp314-cp314t-manylinux_2_28_aarch64.whl", hash = "sha256:f3831aaa25c67a99f99dc8b05873cb9d64560390372e2aa197ce9dd4a3f06a44", size = 46888003, upload-time = "2026-08-10T12:40:23.242Z" },
    { url = "https://files.pythonhosted.org/packages/1b/b9/58612e977d28dc58c878448866838369ee8da2f1e7cc8ed2c84b952aafee/pyarrow-25.0.1-cp314-cp314t-manylinux_2_28_x86_64.whl", hash = "sha256:6a1fdfc6659b6b19022f2e50627fb5cf7156a66c46bf4299379955cbe742382a", size = 50079036, upload-time = "2026-08-10T12:40:29.169Z" },
    { url = "https://files.pythonhosted.org/packages/72/13/66e1402dcc860e1dc2760b1e0292c9a569b62b3bccab69def1b3e907d006/pyarrow-25.0.1-cp314-cp314t-musllinux_1_2_aarch64.whl", hash = "sha256:169d3429d5be7c752125890620f75a60776d38b0035eddae939651640822332e", size = 50040226, upload-time = "2026-08-10T12:40:35.186Z" },
    { url = "https://files.pythonhosted.org/packages/78/10/3f1a5497a7ef732ab0f03ecca3e66d89d9c0f57fdc61b4794c456b781f01/pyarrow-25.0.1-cp314-cp314t-musllinux_1_2_x86_64.whl", hash = "sha256:119297a6dc197e45d9c6d4415f7814a67ffa36c180d26f68c154c58067ae782d", size = 53149035, upload-time = "2026-08-10T12:40:41.454Z" },
    { url = "https://files.pythonhosted.org/packages/93/c0/37d4a7e8e2f7a6076283673d5298018ca26478b934c6ee369e10505ab32c/pyarrow-25.0.1-cp314-cp314t-win_amd64.whl", hash = "sha256:4288f27577352d608ca08553b0865e4a9b3aa14820c5d95b53337218d609835b", size = 28753071, upload-time = "2026-08-10T12:40:46.623Z" },
]

[[package]]
name = "pyarrow-stubs"
version = "20.0.0.20260819"
source = { registry = "https://pypi.org/simple" }
dependencies = [
    { name = "pyarrow" },
]
sdist = { url = "https://files.pythonhosted.org/packages/12/a7/8a2ca91ffe4c6576207f932de655d7d8a36485c520dccce70ce7d492b256/pyarrow_stubs-20.0.0.20260819.tar.gz", hash = "sha256:150710a72248bc834bf048d3092713f070904a4af76d40289c43afb3ee189823", size = 238222, upload-time = "2026-08-19T05:52:53.618Z" }
wheels = [
    { url = "https://files.pythonhosted.org/packages/65/6c/eea1d03e475217aea95b1d52aee09c97575d05bbc592c39c085b71dab89f/pyarrow_stubs-20.0.0.20260819-py3-none-any.whl", hash = "sha256:297e60b6e5314739c082b4757d090d8be6047465510eb0684ca954ef7ea58be3", size = 235949, upload-time = "2026-08-19T05:52:54.711Z" },
]

[[package]]
name = "pygments"
version = "2.21.0"
source = { registry = "https://pypi.org/simple" }
sdist = { url = "https://files.pythonhosted.org/packages/49/2e/ced460408999b33da6b31b0021b0f37d329e202d4169aeb164493778f25b/pygments-2.21.0.tar.gz", hash = "sha256:610ca751c9bc2492b38eb9a38a7fbc93edbbb2d7182edaf34e66ae493dee5c8c", size = 5005329, upload-time = "2026-08-17T08:02:48.824Z" }
wheels = [
    { url = "https://files.pythonhosted.org/packages/71/46/17f022dd3e953bf20a04a028a21ec746d942f8d2af30fa0f124fa0e6a684/pygments-2.21.0-py3-none-any.whl", hash = "sha256:2363c69b61c4a97c838da3b130dcd6468f4848992b21a82f2a63ec34377137d9", size = 1250147, upload-time = "2026-08-17T08:02:44.912Z" },
]

[[package]]
name = "pymongo"
version = "4.18.0"
source = { registry = "https://pypi.org/simple" }
dependencies = [
    { name = "dnspython" },
]
sdist = { url = "https://files.pythonhosted.org/packages/a1/0a/d4daac76f66c466c20f00215064d43f4eb4b0aba8f2d8ecabdcc13102bc5/pymongo-4.18.0.tar.gz", hash = "sha256:6f33cd2033e8ea216d3069b5ebea79ded74ef2a93f69a93b26cf310082f9b5b9", size = 2741743, upload-time = "2026-09-03T16:01:06.074Z" }
wheels = [
    { url = "https://files.pythonhosted.org/packages/71/45/b0d2f2c463d4c74eec652bb4bfaa7107c0ccc0880ad06d3d384f6c393aab/pymongo-4.18.0-cp312-cp312-macosx_10_13_x86_64.whl", hash = "sha256:209aa073b8939bfbdae0e74d76c85db4ad8681aa4ec157d6db3aa5e0ada6ec8d", size = 818678, upload-time = "2026-09-03T15:59:24.918Z" },
    { url = "https://files.pythonhosted.org/packages/00/6a/c08d9c0131ea86fc13837d8b4c90264ace36c2c6823a65e2af07819c24e3/pymongo-4.18.0-cp312-cp312-macosx_11_0_arm64.whl", hash = "sha256:bd37241ae704da14b71961da2b6a862a6100bfa83419782de3c3e2336a5d330e", size = 819107, upload-time = "2026-09-03T15:59:26.718Z" },
    { url = "https://files.pythonhosted.org/packages/37/50/f5204dc860cf219b744e70f8c69b8ae7b08093acb200d56c3fd7b10b59b5/pymongo-4.18.0-cp312-cp312-manylinux1_i686.manylinux_2_28_i686.manylinux_2_5_i686.whl", hash = "sha256:47f443322528b03106c7bcc4784288ae35fe5d7bf4cf99a9d79cb4b582a3ecdc", size = 1039079, upload-time = "2026-09-03T15:59:28.477Z" },
    { url = "https://files.pythonhosted.org/packages/f0/3f/7a4a9d3f8d0dfed987914dcd77bf87e2091889b1b1b5076b73deddf2ccf4/pymongo-4.18.0-cp312-cp312-manylinux2014_aarch64.manylinux_2_17_aarch64.manylinux_2_28_aarch64.whl", hash = "sha256:751c2cc268e0a43e53ed6d41d3c36ca23f048b35714a9e1c83a3b3216bda37af", size = 1050403, upload-time = "2026-09-03T15:59:30.501Z" },
    { url = "https://files.pythonhosted.org/packages/21/7a/9916952952bebc37b0cc1b7544e494da33ebe779581dc7d5ceca020eac8e/pymongo-4.18.0-cp312-cp312-manylinux2014_ppc64le.manylinux_2_17_ppc64le.manylinux_2_28_ppc64le.whl", hash = "sha256:b48d37852d45673a6ef38cc91fdee6ad59eef74d1f24691c6f19069a5de936ac", size = 1075134, upload-time = "2026-09-03T15:59:32.509Z" },
    { url = "https://files.pythonhosted.org/packages/ba/57/54b5f915b3daa31fe4a93f04700bd0f17570fabc90a7d7c107aa3da14248/pymongo-4.18.0-cp312-cp312-manylinux2014_s390x.manylinux_2_17_s390x.manylinux_2_28_s390x.whl", hash = "sha256:e84103297ac0d1f3079ba6891b1f5f3f9459cbe1a61ad5465643c311021bec6a", size = 1068019, upload-time = "2026-09-03T15:59:34.859Z" },
    { url = "https://files.pythonhosted.org/packages/e0/a5/9987c5b2f909f9b7796de7e3c5ea3f9d7ebe3e3454862904e80bd6c37654/pymongo-4.18.0-cp312-cp312-manylinux2014_x86_64.manylinux_2_17_x86_64.manylinux_2_28_x86_64.whl", hash = "sha256:21a0b97c0fcb9ce63895e37642e64dbb119b27053f7b5292ca9dfb597c1bca5f", size = 1049555, upload-time = "2026-09-03T15:59:36.573Z" },
    { url = "https://files.pythonhosted.org/packages/76/5d/ce8c73aaf26461232efe31659b448699f46f29dfa7fd2726e582bf9b6ec8/pymongo-4.18.0-cp312-cp312-win32.whl", hash = "sha256:7ab8e8f9d636a199a60c01427eff854b52d3bec5023e7ed516b3b0e26ee088f6", size = 814802, upload-time = "2026-09-03T15:59:38.308Z" },
    { url = "https://files.pythonhosted.org/packages/5a/ae/ab46e8a875675b9b0ab76f04e30267f8d56988b776977c29584a2ae3f0be/pymongo-4.18.0-cp312-cp312-win_amd64.whl", hash = "sha256:96bd084e388afa10eda7ea7e2e2c7b070589ff180ae7a61b7af9039747c2848f", size = 820395, upload-time = "2026-09-03T15:59:40.077Z" },
    { url = "https://files.pythonhosted.org/packages/eb/a3/81e90bba3e5e011ba818854f84efc5480386349aa8039f85b5ed196f7264/pymongo-4.18.0-cp312-cp312-win_arm64.whl", hash = "sha256:9a50d8ad7310b87e09d34ddf398c3d347d1ab28599b7f181d432a59ce89cb6ac", size = 815303, upload-time = "2026-09-03T15:59:41.997Z" },
    { url = "https://files.pythonhosted.org/packages/df/b1/6602487d94f6aef7677b18fe149bb0693fa209acf3b339a44ad8bc4060b2/pymongo-4.18.0-cp313-cp313-macosx_10_13_x86_64.whl", hash = "sha256:29c60dce70a300a09c0af39c2dbebd1a0199db9eb4d3ef03a4eeb587e7675668", size = 818600, upload-time = "2026-09-03T15:59:43.753Z" },
    { url = "https://files.pythonhosted.org/packages/ca/eb/c5beaf94967ef5c9aaf9db65fbe1d82337f7cf9c6b6df6c0e8d4c70f9e13/pymongo-4.18.0-cp313-cp313-macosx_11_0_arm64.whl", hash = "sha256:0d821ca5865e88c2dc29e259a191d770a53093c6749c6b228f18b078cb598faf", size = 818942, upload-time = "2026-09-03T15:59:45.515Z" },
    { url = "https://files.pythonhosted.org/packages/59/18/3a19ece4d253e6be1d5e293701c2948330927a7e91d19372e9c4a04e2139/pymongo-4.18.0-cp313-cp313-manylinux1_i686.manylinux_2_28_i686.manylinux_2_5_i686.whl", hash = "sha256:0a61148df54b254b4157aaba2139cb8fc97b8232281d783e0b7b2d58cb000fcb", size = 1039154, upload-time = "2026-09-03T15:59:47.222Z" },
    { url = "https://files.pythonhosted.org/packages/50/95/944159a0c4bd68c40f3a96c617d3d1815768e23cd0cb0b730827c7a9115b/pymongo-4.18.0-cp313-cp313-manylinux2014_aarch64.manylinux_2_17_aarch64.manylinux_2_28_aarch64.whl", hash = "sha256:eda647930ecf0419fb3cecc448c40020e3871adbae523b302d15d2c49d22c866", size = 1050185, upload-time = "2026-09-03T15:59:49.268Z" },
    { url = "https://files.pythonhosted.org/packages/3f/90/70faae774a27545f6e9d085877a1acc884e48b0e7afadf51d2f17eab15ae/pymongo-4.18.0-cp313-cp313-manylinux2014_ppc64le.manylinux_2_17_ppc64le.manylinux_2_28_ppc64le.whl", hash = "sha256:04766d0930bc06dc99e3274a800fb81e85f2629f27ba7bc326e2d4d13ea449d5", size = 1074933, upload-time = "2026-09-03T15:59:51.246Z" },
    { url = "https://files.pythonhosted.org/packages/08/e1/fb0807668b8ffc0ffbe92786cb0ed6c10e70c32be5123fd49ff4ff2006e2/pymongo-4.18.0-cp313-cp313-manylinux2014_s390x.manylinux_2_17_s390x.manylinux_2_28_s390x.whl", hash = "sha256:368cd67dd1d3ead5836c20457b84d674256f27b3e99c332d085081680c8465b9", size = 1067686, upload-time = "2026-09-03T15:59:52.951Z" },
    { url = "https://files.pythonhosted.org/packages/bd/dc/7c620995d4dff3eb1fdf62236844f3cb67d3042ed1a6d4f4059ef5dc79a6/pymongo-4.18.0-cp313-cp313-manylinux2014_x86_64.manylinux_2_17_x86_64.manylinux_2_28_x86_64.whl", hash = "sha256:c9b8e25f672f5b2b30c6b834e162454e721cf1f782e753f0e9ea3bca225900f3", size = 1049459, upload-time = "2026-09-03T15:59:54.958Z" },
    { url = "https://files.pythonhosted.org/packages/e7/25/a317ab554f604ce30fa778af82264627a7784c4a750c3d8459589f751cf4/pymongo-4.18.0-cp313-cp313-win32.whl", hash = "sha256:f15feb666fa56a43e4b318471eff7fba6facbfc3b2555185a0fef871f6b9ccf1", size = 814841, upload-time = "2026-09-03T15:59:56.657Z" },
    { url = "https://files.pythonhosted.org/packages/6e/58/a2a4b209a3066db88d82c9b44e5b75286aa5a00172dbca357af20bb8b1e4/pymongo-4.18.0-cp313-cp313-win_amd64.whl", hash = "sha256:a2d96ad52eca16939564cbae9c91ffa92a9705ad46cb8d5de26b95dba0d40793", size = 820431, upload-time = "2026-09-03T15:59:58.745Z" },
    { url = "https://files.pythonhosted.org/packages/d5/fa/8cd86494c9001f8e5331f51384b187962696bac3188fcbe05f7edf8dceed/pymongo-4.18.0-cp313-cp313-win_arm64.whl", hash = "sha256:b230196ea62fc4542d9d6b78ddd9dbf0c9437ac2fde5810f7305377ae50fed11", size = 815328, upload-time = "2026-09-03T16:00:01.029Z" },
    { url = "https://files.pythonhosted.org/packages/db/86/6c79e21ddad4a9165f5023c723220f23c68012949efaa89a02d13a684bff/pymongo-4.18.0-cp314-cp314-macosx_10_15_x86_64.whl", hash = "sha256:4343c06f00fafdd8c8d73521ed8b4c468aa74e1b8f65cd757fb5f6ac3df685b3", size = 818495, upload-time = "2026-09-03T16:00:02.951Z" },
    { url = "https://files.pythonhosted.org/packages/62/25/5b783fa8d6cb08d9590e56969accab39194e801f35a174c77d494dcefb94/pymongo-4.18.0-cp314-cp314-macosx_11_0_arm64.whl", hash = "sha256:277e61864ad6a064d75d7efbf5ce0e57378c420e48af6b7bad63e8356dcb22e1", size = 819063, upload-time = "2026-09-03T16:00:04.866Z" },
    { url = "https://files.pythonhosted.org/packages/ad/19/f671bdb2533ef47ba49bd1cd2a65c16c2e5540abd9f48f0c8661a7243c56/pymongo-4.18.0-cp314-cp314-manylinux1_i686.manylinux_2_28_i686.manylinux_2_5_i686.whl", hash = "sha256:b43545a785e4054db2f712ae7d2a640874500a2352e705dbe49c8a1b90de87f2", size = 1040923, upload-time = "2026-09-03T16:00:06.906Z" },
    { url = "https://files.pythonhosted.org/packages/b0/36/3c4d10c334f76dcd135313ca21d3a902f13a3e46438b36bbea9413ab7fbf/pymongo-4.18.0-cp314-cp314-manylinux2014_aarch64.manylinux_2_17_aarch64.manylinux_2_28_aarch64.whl", hash = "sha256:34f3c9adcc26dbfdc50cbb27da5c369588e6862241ea5cf96d33139f57fd9e0b", size = 1050899, upload-time = "2026-09-03T16:00:08.976Z" },
    { url = "https://files.pythonhosted.org/packages/76/80/f7f686185a7e386dd1d9ad4bde0353a5150b7a1129957beed764bcf900fa/pymongo-4.18.0-cp314-cp314-manylinux2014_ppc64le.manylinux_2_17_ppc64le.manylinux_2_28_ppc64le.whl", hash = "sha256:cd7577d4f28c882b42b356f86f7cf7566698beb347b75dcd742ffe5aac3c3462", size = 1074920, upload-time = "2026-09-03T16:00:11.099Z" },
    { url = "https://files.pythonhosted.org/packages/19/5e/072839ec02e1a11518120bcc81e59a60f2e3d3629e760f05e0a1c3b7344a/pymongo-4.18.0-cp314-cp314-manylinux2014_s390x.manylinux_2_17_s390x.manylinux_2_28_s390x.whl", hash = "sha256:3c50998113e17737fc2048e0184eda8c3aef465acc5a554fb76e2b0266805278", size = 1064362, upload-time = "2026-09-03T16:00:13.05Z" },
    { url = "https://files.pythonhosted.org/packages/d4/24/6e56a573977a60047fb8bf3646eb5eb121c689678fce4eb2f6ddd5cfbe2b/pymongo-4.18.0-cp314-cp314-manylinux2014_x86_64.manylinux_2_17_x86_64.manylinux_2_28_x86_64.whl", hash = "sha256:b88f2dfa33e1680e8990b45036c7cdb79c5c5e0b1f08b2e5c942893d76853eb6", size = 1049153, upload-time = "2026-09-03T16:00:15.047Z" },
    { url = "https://files.pythonhosted.org/packages/8f/6b/bf0bc7eab0df3e7ef0669ceadbf25528f41fe304979335e49d79c4012515/pymongo-4.18.0-cp314-cp314-win32.whl", hash = "sha256:13b1ad2110fbc8ec151e996ae8ea22727db8b2bd48515141d76d4fb54bd07da3", size = 815986, upload-time = "2026-09-03T16:00:16.919Z" },
    { url = "https://files.pythonhosted.org/packages/14/9f/630977caf0b8022c8a6b2a55c242c7d264ce519bb5a68d8736de338866ce/pymongo-4.18.0-cp314-cp314-win_amd64.whl", hash = "sha256:e11e86c9a0f81d23cdd0d0a42a9312c888139d7d330ddd744973d79fec87630c", size = 821904, upload-time = "2026-09-03T16:00:18.921Z" },
    { url = "https://files.pythonhosted.org/packages/ce/8a/8a6de9d310207a070ebbf78e93bcda6e1cf9cf137368b73efc2d2b83c704/pymongo-4.18.0-cp314-cp314-win_arm64.whl", hash = "sha256:4c6f85e33ef338148cd70bc682fc73bfd202a1cde554057d807905d2310767ad", size = 816438, upload-time = "2026-09-03T16:00:20.935Z" },
    { url = "https://files.pythonhosted.org/packages/98/d6/a2ae13bad8d503115ea4f900802c07e0cc5d897e60c5ab04fb6a36044afc/pymongo-4.18.0-cp314-cp314t-macosx_10_15_x86_64.whl", hash = "sha256:03de6fdfbcd4ad0634313956bffcced13abc9e575b9c74dec70f69cc248b501c", size = 821472, upload-time = "2026-09-03T16:00:22.873Z" },
    { url = "https://files.pythonhosted.org/packages/9d/ba/0600e7c3bdfc8fc9166ae25272751f2a47e436ad451e45e8d0152227e869/pymongo-4.18.0-cp314-cp314t-macosx_11_0_arm64.whl", hash = "sha256:e8dd4a0c2bd52dd9f78d8808578d5f2ecf1b0fab41a4a169400c969a3e06ae65", size = 821909, upload-time = "2026-09-03T16:00:24.839Z" },
    { url = "https://files.pythonhosted.org/packages/27/4c/dc1121d8c949f50f010c15a521a424042322087c553c649b42c16ca15e6b/pymongo-4.18.0-cp314-cp314t-manylinux1_i686.manylinux_2_28_i686.manylinux_2_5_i686.whl", hash = "sha256:5a0e70d348d87e50406bc932f7998a40cc6cfdd4b0628dd0c00ff2470f07e3b1", size = 1105313, upload-time = "2026-09-03T16:00:26.919Z" },
    { url = "https://files.pythonhosted.org/packages/9c/0e/37dc8e6cbb25777dfaadb478fee6d5672ebd14eec1ac74eafb8bcda8b2bd/pymongo-4.18.0-cp314-cp314t-manylinux2014_aarch64.manylinux_2_17_aarch64.manylinux_2_28_aarch64.whl", hash = "sha256:ee7ed67136ee8e69c53c657253dbfe19486edd9560a3d8363cc0ee3614b52297", size = 1125099, upload-time = "2026-09-03T16:00:29.079Z" },
    { url = "https://files.pythonhosted.org/packages/d7/15/0c5e21f6d257c5876632aea3b1a38440577f089d94811d757256e773d98d/pymongo-4.18.0-cp314-cp314t-manylinux2014_ppc64le.manylinux_2_17_ppc64le.manylinux_2_28_ppc64le.whl", hash = "sha256:abd0db088de3935b87aa27398d6fa98718c3a1d84e36ffbb927a353a9d76a032", size = 1144554, upload-time = "2026-09-03T16:00:31.121Z" },
    { url = "https://files.pythonhosted.org/packages/93/15/1d57e1a4f922de348ffd6595488f7855a46f7d2152a9ca991d0b878657d2/pymongo-4.18.0-cp314-cp314t-manylinux2014_s390x.manylinux_2_17_s390x.manylinux_2_28_s390x.whl", hash = "sha256:721f9b1a378d5bbf1bc2b9de2b7d3eeb4466d2878c7f430d483af7e3f580c935", size = 1136309, upload-time = "2026-09-03T16:00:32.979Z" },
    { url = "https://files.pythonhosted.org/packages/a8/37/74392c9eaeea549c25a7e0304116cdfde79b7320bd55d652a03914b53d10/pymongo-4.18.0-cp314-cp314t-manylinux2014_x86_64.manylinux_2_17_x86_64.manylinux_2_28_x86_64.whl", hash = "sha256:d971ee533dbd7b836abec1e4ceefaeb9f6637c262561614482f213b8a19085be", size = 1117086, upload-time = "2026-09-03T16:00:35.314Z" },
    { url = "https://files.pythonhosted.org/packages/3b/3e/4dd06523d3784b9229059f8812cbed292ad36136adedf32db106796258db/pymongo-4.18.0-cp314-cp314t-win32.whl", hash = "sha256:996a87a5b9c048e3dddf497acde55c7955748572091c70e1424d3c4779171526", size = 818741, upload-time = "2026-09-03T16:00:37.27Z" },
    { url = "https://files.pythonhosted.org/packages/f5/d3/7f5ed7d37cd026b0d59b2504e4015b1370c79359f1e81ca5e3eb0428e8e1/pymongo-4.18.0-cp314-cp314t-win_amd64.whl", hash = "sha256:47627909a177036117b91a3378df8634dc8e93cf4ccd66b22086b0098d3c72de", size = 826081, upload-time = "2026-09-03T16:00:39.221Z" },
    { url = "https://files.pythonhosted.org/packages/64/02/b2606ddf52fa615d4ff3edb2aa05fb064337fa871f99ebb184a39e051cc8/pymongo-4.18.0-cp314-cp314t-win_arm64.whl", hash = "sha256:4a81d166a43e8af1e5152b6854a263ba0a8831f7dd2ca1badc716f219f4f1bc0", size = 817605, upload-time = "2026-09-03T16:00:41.547Z" },
]

[[package]]
name = "pytest"
version = "9.1.1"
source = { registry = "https://pypi.org/simple" }
dependencies = [
    { name = "colorama", marker = "sys_platform == 'win32'" },
    { name = "iniconfig" },
    { name = "packaging" },
    { name = "pluggy" },
    { name = "pygments" },
]
sdist = { url = "https://files.pythonhosted.org/packages/e4/47/b9efed96c114afcfa3c9d3fe98a76a1d14c74a9e266d397cf6eb64be5e01/pytest-9.1.1.tar.gz", hash = "sha256:1088fbde8f2b49d95a549a195707afa7a76a3ce9bcadc26b6d71f0ffda5fe313", size = 1636369, upload-time = "2026-06-19T10:58:32.857Z" }
wheels = [
    { url = "https://files.pythonhosted.org/packages/24/25/1de2678b631f5a49215c6c96fff41ba892b0a34df68d6d80292b1b48aa7f/pytest-9.1.1-py3-none-any.whl", hash = "sha256:37a86b45efb9a47a61a36449063e8e18d0cab3161329fc099eb21783169c4f0c", size = 386536, upload-time = "2026-06-19T10:58:31.347Z" },
]

[[package]]
name = "ruff"
version = "0.16.5"
source = { registry = "https://pypi.org/simple" }
sdist = { url = "https://files.pythonhosted.org/packages/f3/85/c8e12473c93018f92d19dd988a294202e1c27426c47ec4de53ffb847b8d8/ruff-0.16.5.tar.gz", hash = "sha256:1b88500f9ffbcab3dedb0082c9f9492e91ec3d618aac1236a3e0189938f7040b", size = 4912003, upload-time = "2026-08-27T16:34:18.258Z" }
wheels = [
    { url = "https://files.pythonhosted.org/packages/c6/b6/77c90a970fe2dae17a723acbd011043ea97c98d7deacccefdc4ba74ec512/ruff-0.16.5-py3-none-linux_armv6l.whl", hash = "sha256:12e5f673e774c35fbb62f288809c7653b73445f8ecec6b6063fd6ea3521aa14b", size = 10011941, upload-time = "2026-08-27T16:33:41.287Z" },
    { url = "https://files.pythonhosted.org/packages/4b/46/6cf67cf6411885a1d6f7f6d801682f155536a85176d10b605e2ceffed8bd/ruff-0.16.5-py3-none-macosx_10_12_x86_64.whl", hash = "sha256:eda58a5802de40e7ed5b32b64e0b32539338cc6fcd2c78f61e3ad6a0d79f51c3", size = 10204049, upload-time = "2026-08-27T16:33:44.056Z" },
    { url = "https://files.pythonhosted.org/packages/46/fd/c8720ca7a090abf0c2fef4abe8a5ef6e5127ed15196d8886ff75a2b370e2/ruff-0.16.5-py3-none-macosx_11_0_arm64.whl", hash = "sha256:c5ae9a7b9a8875131f40f8fe967cc86abf899779efd663cb7ce3d572d01da7eb", size = 9809037, upload-time = "2026-08-27T16:33:46.257Z" },
    { url = "https://files.pythonhosted.org/packages/43/45/a684caacdedaca180f52bacccc40bf0789d2c5a7c75f25324853e9eaedb5/ruff-0.16.5-py3-none-manylinux_2_17_aarch64.manylinux2014_aarch64.whl", hash = "sha256:7b719b0a1f4d59710d283ab2965f621684a108a9e41da622e3b23f0326cd0025", size = 9964129, upload-time = "2026-08-27T16:33:48.352Z" },
    { url = "https://files.pythonhosted.org/packages/9e/f2/5d2bcdaca6b5b93d1b4dfc166cd2aebf7680143a1b38a28759df13a94d31/ruff-0.16.5-py3-none-manylinux_2_17_armv7l.manylinux2014_armv7l.whl", hash = "sha256:2298f2780ed1be0c5cb1361e32ab7b1467f3cce7dabe101d2210a314f2fe42e9", size = 9821518, upload-time = "2026-08-27T16:33:50.57Z" },
    { url = "https://files.pythonhosted.org/packages/aa/ff/011cce29accf9257d5974145b733fc653a37985ed6825413a3987cefbfe0/ruff-0.16.5-py3-none-manylinux_2_17_i686.manylinux2014_i686.whl", hash = "sha256:258f29035a2dd021e7861e631b227a5b3f14e50c1184c9a6a122c5f4576154d7", size = 10534835, upload-time = "2026-08-27T16:33:52.522Z" },
    { url = "https://files.pythonhosted.org/packages/d7/5a/f0cf109bada9bba0e96c90c21c9f9251803f57225c32d293327a03c710d6/ruff-0.16.5-py3-none-manylinux_2_17_ppc64le.manylinux2014_ppc64le.whl", hash = "sha256:b9a4f0432966834019c74d1b7e5c51224305d7713f3d7faf3e7451f1a3be3cde", size = 11252550, upload-time = "2026-08-27T16:33:54.521Z" },
    { url = "https://files.pythonhosted.org/packages/63/4d/1d481aaea2046c6a7ed7c291f9004c669cce3c087b6b376ed5b08271e3fe/ruff-0.16.5-py3-none-manylinux_2_17_s390x.manylinux2014_s390x.whl", hash = "sha256:b5eb3a8c3d0ade9cea42b591fd530368e8798380e30e0a308b85a5cf718f09ea", size = 10777949, upload-time = "2026-08-27T16:33:56.88Z" },
    { url = "https://files.pythonhosted.org/packages/ee/34/ee245ca55f64443233034b3d02b03236b19242004281247c079390b7facd/ruff-0.16.5-py3-none-manylinux_2_17_x86_64.manylinux2014_x86_64.whl", hash = "sha256:ef0f69e191a13a3c9816f63163c88790cb12cd157bbbb384e9c44745702ab105", size = 10311656, upload-time = "2026-08-27T16:33:59.12Z" },
    { url = "https://files.pythonhosted.org/packages/a7/4d/c33a333e341c0a2b96c715b52d89a606f5a34cd4ac493cd9b8d0187186b8/ruff-0.16.5-py3-none-manylinux_2_31_riscv64.whl", hash = "sha256:0eeab41fbea2c42f98dfb9822cdccda9d24ba38d49f6dc945b5c236d48f0ef29", size = 10532125, upload-time = "2026-08-27T16:34:01.166Z" },
    { url = "https://files.pythonhosted.org/packages/30/e1/a64cef78b40192497bb98a27a8aa8f2c98ee9ee15bc97f7712d94ef32937/ruff-0.16.5-py3-none-musllinux_1_2_aarch64.whl", hash = "sha256:f0768e9df4300713fff30733c87575f68b6f1d8de41184e505b7fdd9c0c95eaf", size = 10097648, upload-time = "2026-08-27T16:34:03.16Z" },
    { url = "https://files.pythonhosted.org/packages/cc/4e/4cdc9ed3c3e109d2f71e62572a37457298d7bc7501ec3138babb7ed32bbd/ruff-0.16.5-py3-none-musllinux_1_2_armv7l.whl", hash = "sha256:95cc70cdc7aa80c338de356279d2adbeb2de0f520b9ecd8aba75b94e95e02f91", size = 9829344, upload-time = "2026-08-27T16:34:05.134Z" },
    { url = "https://files.pythonhosted.org/packages/39/4a/31ed35ce31729955fc583ee0d176d6e784c1290cb0b0a75cb2134c1ab72a/ruff-0.16.5-py3-none-musllinux_1_2_i686.whl", hash = "sha256:d185c8398ded1bfd91c0c2cb258346307571eccc473a8490af8c3977399c384a", size = 10277117, upload-time = "2026-08-27T16:34:07.425Z" },
    { url = "https://files.pythonhosted.org/packages/a8/a0/60356d86687b4b666d593df213f4dc3041750d024cb7bf2cfa81cfd65c2e/ruff-0.16.5-py3-none-musllinux_1_2_x86_64.whl", hash = "sha256:fb8e3a3c4c6a784150a7ced53b015f4b253fc2bf97a610886419ead64b4756ef", size = 10711653, upload-time = "2026-08-27T16:34:09.712Z" },
    { url = "https://files.pythonhosted.org/packages/ed/20/656d67f5b25ca9bda4e02b1de25867b2954e1d19e03648060f167ad0f4cc/ruff-0.16.5-py3-none-win32.whl", hash = "sha256:288b0a5f080492fe5635db849f9e2e84aa3cce7b7f0e955997d416c507c76a26", size = 10034250, upload-time = "2026-08-27T16:34:11.8Z" },
    { url = "https://files.pythonhosted.org/packages/5b/42/ee8e68a207b9127fcde6c3d7e197def432f346cb1af159e1fa14ca0d1cdc/ruff-0.16.5-py3-none-win_amd64.whl", hash = "sha256:ddc6385fb2137f616357ca03d6c74f4be987f80fed4008566b754f6032b8546f", size = 10516714, upload-time = "2026-08-27T16:34:13.963Z" },
    { url = "https://files.pythonhosted.org/packages/73/e3/7df5a396e445b9ba49ce9a9437439a4d80042c61c0ade199abf8d16de1ac/ruff-0.16.5-py3-none-win_arm64.whl", hash = "sha256:a64abe90968719b851bb7cedffaa8753fbdbdadab483089682db623f3edc587e", size = 10391564, upload-time = "2026-08-27T16:34:16.064Z" },
]

[[package]]
name = "ty"
version = "0.0.80"
source = { registry = "https://pypi.org/simple" }
sdist = { url = "https://files.pythonhosted.org/packages/54/b0/6d1b10e0d422736a3c439e487c950ae785f401d71ff879d5be68bccb6d90/ty-0.0.80.tar.gz", hash = "sha256:fe86bc91327e45ff5e3593b7e306e7f57a44bc0608f38d647b8d97bd99c96013", size = 7183998, upload-time = "2026-09-09T21:18:47.547Z" }
wheels = [
    { url = "https://files.pythonhosted.org/packages/29/c8/3c93195eca282936ebb574d0ba98843e4b147ee324006f88464777012a92/ty-0.0.80-py3-none-linux_armv6l.whl", hash = "sha256:738d1cfca466c577aea24547c348629c00c63548cf7da2c46b497b3840f85dee", size = 13606509, upload-time = "2026-09-09T21:18:10.476Z" },
    { url = "https://files.pythonhosted.org/packages/e7/48/bbb47f7001c97262a5109bcd92a45bcc8a2fbb21e994c214a9897630bfb7/ty-0.0.80-py3-none-macosx_10_12_x86_64.whl", hash = "sha256:56060164bb8ee43770fa367524fbdba2611fc90f8923a02cc91f80eb37d5a1b0", size = 13203812, upload-time = "2026-09-09T21:18:12.796Z" },
    { url = "https://files.pythonhosted.org/packages/db/8d/fd141160567047b742e466be8ed09a4c4ed80fa045d37f946eb4f4532fee/ty-0.0.80-py3-none-macosx_11_0_arm64.whl", hash = "sha256:da4062e0fbf3923d9b71688157c5753394f243348f00732e9edbb27498397169", size = 13021896, upload-time = "2026-09-09T21:18:15.186Z" },
    { url = "https://files.pythonhosted.org/packages/1e/10/b4177faf9e71bc37bc4d08f512042269660a1ce0ec457c48f96e51fc91d7/ty-0.0.80-py3-none-manylinux_2_17_aarch64.manylinux2014_aarch64.whl", hash = "sha256:a9eb94b2659f506a3a07a9ea1415d5c18aaa1e554adc1612614d617a0ed320e1", size = 13083881, upload-time = "2026-09-09T21:18:17.616Z" },
    { url = "https://files.pythonhosted.org/packages/7f/c2/192d48b9a9acbbe030fc9a4bd73af75671a5566e731949f77e912a68ce68/ty-0.0.80-py3-none-manylinux_2_17_armv7l.manylinux2014_armv7l.whl", hash = "sha256:e2f5e39a87da48c1af1a3b3135f02be7a83a93da30b0d6a5f5d27806e7c747ce", size = 13354874, upload-time = "2026-09-09T21:18:19.744Z" },
    { url = "https://files.pythonhosted.org/packages/0a/5b/736dfd31efd98bed9dbe018ff91676e5ea83485b1e24afb635fd0247728f/ty-0.0.80-py3-none-manylinux_2_17_i686.manylinux2014_i686.whl", hash = "sha256:4e00149e7779c6b98f3ba12e10a631a861bd7ca1a42bbf064e2677ada7d2c0c2", size = 14204805, upload-time = "2026-09-09T21:18:21.999Z" },
    { url = "https://files.pythonhosted.org/packages/fd/6f/557c726cb53401998e3589bb632c963a6887a70240e0a4386024f3731c81/ty-0.0.80-py3-none-manylinux_2_17_ppc64le.manylinux2014_ppc64le.whl", hash = "sha256:a377268f359fb6e7a2cc9026a09223c764f58d020dec8e6baeaba9caba6ff829", size = 14630014, upload-time = "2026-09-09T21:18:24Z" },
    { url = "https://files.pythonhosted.org/packages/e9/19/7a4b18fe27f6b6bd4ffa56b67c8b09ecb76bb4312d1c64b73f65417b4dbd/ty-0.0.80-py3-none-manylinux_2_17_s390x.manylinux2014_s390x.whl", hash = "sha256:4511dbf1b266b9ce5b73e9b28d94468096c2b6da00e2fe205168c32d3b352ca7", size = 14326946, upload-time = "2026-09-09T21:18:26.679Z" },
    { url = "https://files.pythonhosted.org/packages/f8/95/16dd90805fc7e53ec54ae9fdb1a8b74753fb159a55a170f60f49b9417824/ty-0.0.80-py3-none-manylinux_2_17_x86_64.manylinux2014_x86_64.whl", hash = "sha256:fe95feffa7156800c6f804195acb9fb5846a39671c7192c30fff23351aaf7c31", size = 13705988, upload-time = "2026-09-09T21:18:28.681Z" },
    { url = "https://files.pythonhosted.org/packages/b1/09/4e87992c23ab8a742c7d4914ac5fe66fb9301c8464a69fd2ecbc0be3fbcd/ty-0.0.80-py3-none-manylinux_2_31_riscv64.whl", hash = "sha256:ba26b39f06bc8c3c2c5acd3a147239482b36620cdbca1b9d02e915294854f2cc", size = 14233729, upload-time = "2026-09-09T21:18:30.961Z" },
    { url = "https://files.pythonhosted.org/packages/36/e9/b8c11fda8e66a1d1cc1a7160ed719a33f4dc0107b1cef6a14e2673965763/ty-0.0.80-py3-none-musllinux_1_2_aarch64.whl", hash = "sha256:2e6167320888c115a6fbe69893b63fd1c848f9121a454e75e5f612674528e3f3", size = 13173523, upload-time = "2026-09-09T21:18:33.266Z" },
    { url = "https://files.pythonhosted.org/packages/73/a7/512083fa540c5be1ac8642658f03bfb5bfa6fd168ea4f55e3c0aabe04166/ty-0.0.80-py3-none-musllinux_1_2_armv7l.whl", hash = "sha256:7aecb62b4de70b479eab07d1779ea66da26dd8b068f50a9330867157312f103c", size = 13373014, upload-time = "2026-09-09T21:18:35.339Z" },
    { url = "https://files.pythonhosted.org/packages/5e/63/cd2f0ca81fd9b8cafef93bbcf022bf636bc4de8ee7465c6aafeec1d4d52b/ty-0.0.80-py3-none-musllinux_1_2_i686.whl", hash = "sha256:4fed06adacd16b7e2d722f37449021b1419598d0440769701c0f4827faddde63", size = 13667827, upload-time = "2026-09-09T21:18:37.241Z" },
    { url = "https://files.pythonhosted.org/packages/0d/5d/ebdfdcb2dc099ae74dc4b75511eef0dd398b2fa27006c543543974b4567f/ty-0.0.80-py3-none-musllinux_1_2_x86_64.whl", hash = "sha256:09329af6303ce611ec2cfffc995dc1ddf76c9f47194fc1a4d64a984759c25f5b", size = 13963866, upload-time = "2026-09-09T21:18:39.386Z" },
    { url = "https://files.pythonhosted.org/packages/c4/f6/c286d5e1b560cfd16d6e91fdab683718aacf09fc88938ca06dcc9d1c8502/ty-0.0.80-py3-none-win32.whl", hash = "sha256:a81b3b512f7b4c68e42fbd1835633de658809666e9aafd5defa52bbc5197698d", size = 12881806, upload-time = "2026-09-09T21:18:41.507Z" },
    { url = "https://files.pythonhosted.org/packages/fd/c8/3b3a8ac16d47a23ff34bf57c0d99a491860748aea96e0e886b4bfed54f9b/ty-0.0.80-py3-none-win_amd64.whl", hash = "sha256:8043f99878a2ae434781cb881c8a3840dff70c4a5b60bdc5ae84251f35ee063f", size = 13528883, upload-time = "2026-09-09T21:18:43.687Z" },
    { url = "https://files.pythonhosted.org/packages/2e/71/a6c697930fca76596d7d17f8853120f41a298fd9ea632c901cfca8ca869b/ty-0.0.80-py3-none-win_arm64.whl", hash = "sha256:e277ef034331da5319efc839c064968d24f35715b71c70369cf97d36fe4dcbdb", size = 13370135, upload-time = "2026-09-09T21:18:45.758Z" },
]
